
Microsoft Visual Studio Solution File, Format Version 12.00
# Visual Studio Version 17
VisualStudioVersion = 17.8.34511.84
MinimumVisualStudioVersion = 10.0.40219.1
Project("{9A19103F-16F7-4668-BE54-9A1E7A4F7556}") = "Workaround", "Workaround\Workaround.csproj", "{34F98F81-5673-44D9-B303-EB15E2F317C1}"
EndProject
Project("{9A19103F-16F7-4668-BE54-9A1E7A4F7556}") = "Entities", "Entities\Entities.csproj", "{03103511-80D9-4958-ADA7-01DBA963BA45}"
EndProject
Project("{9A19103F-16F7-4668-BE54-9A1E7A4F7556}") = "Business", "Business\Business.csproj", "{E76EA041-DA90-4FB5-86AA-07216B942B18}"
EndProject
Global
	GlobalSection(SolutionConfigurationPlatforms) = preSolution
		Debug|Any CPU = Debug|Any CPU
		Release|Any CPU = Release|Any CPU
	EndGlobalSection
	GlobalSection(ProjectConfigurationPlatforms) = postSolution
		{34F98F81-5673-44D9-B303-EB15E2F317C1}.Debug|Any CPU.ActiveCfg = Debug|Any CPU
		{34F98F81-5673-44D9-B303-EB15E2F317C1}.Debug|Any CPU.Build.0 = Debug|Any CPU
		{34F98F81-5673-44D9-B303-EB15E2F317C1}.Release|Any CPU.ActiveCfg = Release|Any CPU
		{34F98F81-5673-44D9-B303-EB15E2F317C1}.Release|Any CPU.Build.0 = Release|Any CPU
		{03103511-80D9-4958-ADA7-01DBA963BA45}.Debug|Any CPU.ActiveCfg = Debug|Any CPU
		{03103511-80D9-4958-ADA7-01DBA963BA45}.Debug|Any CPU.Build.0 = Debug|Any CPU
		{03103511-80D9-4958-ADA7-01DBA963BA45}.Release|Any CPU.ActiveCfg = Release|Any CPU
		{03103511-80D9-4958-ADA7-01DBA963BA45}.Release|Any CPU.Build.0 = Release|Any CPU
		{E76EA041-DA90-4FB5-86AA-07216B942B18}.Debug|Any CPU.ActiveCfg = Debug|Any CPU
		{E76EA041-DA90-4FB5-86AA-07216B942B18}.Debug|Any CPU.Build.0 = Debug|Any CPU
		{E76EA041-DA90-4FB5-86AA-07216B942B18}.Release|Any CPU.ActiveCfg = Release|Any CPU
		{E76EA041-DA90-4FB5-86AA-07216B942B18}.Release|Any CPU.Build.0 = Release|Any CPU
	EndGlobalSection
	GlobalSection(SolutionProperties) = preSolution
		HideSolutionNode = FALSE
	EndGlobalSection
	GlobalSection(ExtensibilityGlobals) = postSolution
		SolutionGuid = {8B5EE72F-4F3F-4A01-892D-727A1284AAF7}
	EndGlobalSection
EndGlobal
